
Microsoft Visual Studio Solution File, Format Version 12.00
# Visual Studio 15
VisualStudioVersion = 15.0.27004.2009
MinimumVisualStudioVersion = 10.0.40219.1
Project("{2150E333-8FDC-42A3-9474-1A3956D46DE8}") = "sln", "sln", "{7435A335-37FE-4590-B9A9-39BA1BA44B23}"
	ProjectSection(SolutionItems) = preProject
		LICENSE.txt = LICENSE.txt
		README.md = README.md
	EndProjectSection
EndProject
Project("{2150E333-8FDC-42A3-9474-1A3956D46DE8}") = "src", "src", "{3D37C466-F3DC-40BC-9029-14B3BCC40FF3}"
EndProject
Project("{2150E333-8FDC-42A3-9474-1A3956D46DE8}") = "tests", "tests", "{CF402B9A-1E97-42A0-9276-4F2DF37485D3}"
EndProject
Project("{9A19103F-16F7-4668-BE54-9A1E7A4F7556}") = "Juhta.Net", "src\Juhta.Net\Juhta.Net.csproj", "{EFA007E3-82C4-4166-8867-38CC0CA34FA6}"
EndProject
Project("{9A19103F-16F7-4668-BE54-9A1E7A4F7556}") = "Juhta.Net.Tests", "tests\Juhta.Net.Tests\Juhta.Net.Tests.csproj", "{03ED0E20-9158-4826-8479-CEAB6E20939C}"
EndProject
Project("{2150E333-8FDC-42A3-9474-1A3956D46DE8}") = "docs", "docs", "{509A85AB-4990-484F-AB5A-0EC686D0AE5A}"
EndProject
Project("{9A19103F-16F7-4668-BE54-9A1E7A4F7556}") = "AppXLibrary", "tests\AppXLibrary\AppXLibrary.csproj", "{57D83852-CAAA-403B-9335-2E34CD70DE65}"
EndProject
Project("{9A19103F-16F7-4668-BE54-9A1E7A4F7556}") = "Juhta.Net.Validation", "src\Juhta.Net.Validation\Juhta.Net.Validation.csproj", "{8F83584F-41ED-4DC9-932A-5D82D8DD2629}"
EndProject
Project("{9A19103F-16F7-4668-BE54-9A1E7A4F7556}") = "Juhta.Net.Validation.Tests", "tests\Juhta.Net.Validation.Tests\Juhta.Net.Validation.Tests.csproj", "{36B1EE5D-73F1-42AD-8B8A-082459E005A2}"
EndProject
Project("{9A19103F-16F7-4668-BE54-9A1E7A4F7556}") = "Juhta.Net.Console", "src\Juhta.Net.Console\Juhta.Net.Console.csproj", "{F0955755-AEFD-40DC-9D3F-45ABB95BE84E}"
EndProject
Project("{9A19103F-16F7-4668-BE54-9A1E7A4F7556}") = "Juhta.Net.Console.Tests", "tests\Juhta.Net.Console.Tests\Juhta.Net.Console.Tests.csproj", "{354C026E-CDD0-4992-AAB9-484A87E58E05}"
EndProject
Project("{9A19103F-16F7-4668-BE54-9A1E7A4F7556}") = "Juhta.Net.Services", "src\Juhta.Net.Services\Juhta.Net.Services.csproj", "{8B6A1C90-664F-4D9A-9C90-966824C52A6E}"
EndProject
Project("{9A19103F-16F7-4668-BE54-9A1E7A4F7556}") = "Juhta.Net.LibraryManagement", "src\Juhta.Net.LibraryManagement\Juhta.Net.LibraryManagement.csproj", "{12658E4B-6D24-4B3E-9C36-82851AF5AF21}"
EndProject
Project("{9A19103F-16F7-4668-BE54-9A1E7A4F7556}") = "Juhta.Net.Startup", "src\Juhta.Net.Startup\Juhta.Net.Startup.csproj", "{0EF3DC07-2EBD-435B-AF79-6B1E39C52710}"
EndProject
Project("{9A19103F-16F7-4668-BE54-9A1E7A4F7556}") = "Juhta.Net.Startup.Tests", "tests\Juhta.Net.Startup.Tests\Juhta.Net.Startup.Tests.csproj", "{96CE413B-87BE-4972-84FE-C1C164FCBA34}"
EndProject
Project("{9A19103F-16F7-4668-BE54-9A1E7A4F7556}") = "Juhta.Net.Services.Tests", "tests\Juhta.Net.Services.Tests\Juhta.Net.Services.Tests.csproj", "{81CA906A-B89A-488D-843E-A7DB6C6458F3}"
EndProject
Project("{9A19103F-16F7-4668-BE54-9A1E7A4F7556}") = "Juhta.Net.WebApi.Exceptions", "src\Juhta.Net.WebApi.Exceptions\Juhta.Net.WebApi.Exceptions.csproj", "{3675F903-C669-4575-9B48-A4F944547A09}"
EndProject
Project("{FAE04EC0-301F-11D3-BF4B-00C04F79EFBC}") = "Juhta.Net.WebApi.Exceptions.Tests", "tests\Juhta.Net.WebApi.Exceptions.Tests\Juhta.Net.WebApi.Exceptions.Tests.csproj", "{A4F24FBF-BDB2-41BD-AE63-A6DA218E3176}"
EndProject
Global
	GlobalSection(SolutionConfigurationPlatforms) = preSolution
		Debug|Any CPU = Debug|Any CPU
		Debug|x64 = Debug|x64
		Debug|x86 = Debug|x86
		Release|Any CPU = Release|Any CPU
		Release|x64 = Release|x64
		Release|x86 = Release|x86
	EndGlobalSection
	GlobalSection(ProjectConfigurationPlatforms) = postSolution
		{EFA007E3-82C4-4166-8867-38CC0CA34FA6}.Debug|Any CPU.ActiveCfg = Debug|Any CPU
		{EFA007E3-82C4-4166-8867-38CC0CA34FA6}.Debug|Any CPU.Build.0 = Debug|Any CPU
		{EFA007E3-82C4-4166-8867-38CC0CA34FA6}.Debug|x64.ActiveCfg = Debug|Any CPU
		{EFA007E3-82C4-4166-8867-38CC0CA34FA6}.Debug|x64.Build.0 = Debug|Any CPU
		{EFA007E3-82C4-4166-8867-38CC0CA34FA6}.Debug|x86.ActiveCfg = Debug|Any CPU
		{EFA007E3-82C4-4166-8867-38CC0CA34FA6}.Debug|x86.Build.0 = Debug|Any CPU
		{EFA007E3-82C4-4166-8867-38CC0CA34FA6}.Release|Any CPU.ActiveCfg = Release|Any CPU
		{EFA007E3-82C4-4166-8867-38CC0CA34FA6}.Release|Any CPU.Build.0 = Release|Any CPU
		{EFA007E3-82C4-4166-8867-38CC0CA34FA6}.Release|x64.ActiveCfg = Release|Any CPU
		{EFA007E3-82C4-4166-8867-38CC0CA34FA6}.Release|x64.Build.0 = Release|Any CPU
		{EFA007E3-82C4-4166-8867-38CC0CA34FA6}.Release|x86.ActiveCfg = Release|Any CPU
		{EFA007E3-82C4-4166-8867-38CC0CA34FA6}.Release|x86.Build.0 = Release|Any CPU
		{03ED0E20-9158-4826-8479-CEAB6E20939C}.Debug|Any CPU.ActiveCfg = Debug|Any CPU
		{03ED0E20-9158-4826-8479-CEAB6E20939C}.Debug|Any CPU.Build.0 = Debug|Any CPU
		{03ED0E20-9158-4826-8479-CEAB6E20939C}.Debug|x64.ActiveCfg = Debug|Any CPU
		{03ED0E20-9158-4826-8479-CEAB6E20939C}.Debug|x64.Build.0 = Debug|Any CPU
		{03ED0E20-9158-4826-8479-CEAB6E20939C}.Debug|x86.ActiveCfg = Debug|Any CPU
		{03ED0E20-9158-4826-8479-CEAB6E20939C}.Debug|x86.Build.0 = Debug|Any CPU
		{03ED0E20-9158-4826-8479-CEAB6E20939C}.Release|Any CPU.ActiveCfg = Release|Any CPU
		{03ED0E20-9158-4826-8479-CEAB6E20939C}.Release|Any CPU.Build.0 = Release|Any CPU
		{03ED0E20-9158-4826-8479-CEAB6E20939C}.Release|x64.ActiveCfg = Release|Any CPU
		{03ED0E20-9158-4826-8479-CEAB6E20939C}.Release|x64.Build.0 = Release|Any CPU
		{03ED0E20-9158-4826-8479-CEAB6E20939C}.Release|x86.ActiveCfg = Release|Any CPU
		{03ED0E20-9158-4826-8479-CEAB6E20939C}.Release|x86.Build.0 = Release|Any CPU
		{57D83852-CAAA-403B-9335-2E34CD70DE65}.Debug|Any CPU.ActiveCfg = Debug|Any CPU
		{57D83852-CAAA-403B-9335-2E34CD70DE65}.Debug|Any CPU.Build.0 = Debug|Any CPU
		{57D83852-CAAA-403B-9335-2E34CD70DE65}.Debug|x64.ActiveCfg = Debug|Any CPU
		{57D83852-CAAA-403B-9335-2E34CD70DE65}.Debug|x64.Build.0 = Debug|Any CPU
		{57D83852-CAAA-403B-9335-2E34CD70DE65}.Debug|x86.ActiveCfg = Debug|Any CPU
		{57D83852-CAAA-403B-9335-2E34CD70DE65}.Debug|x86.Build.0 = Debug|Any CPU
		{57D83852-CAAA-403B-9335-2E34CD70DE65}.Release|Any CPU.ActiveCfg = Release|Any CPU
		{57D83852-CAAA-403B-9335-2E34CD70DE65}.Release|Any CPU.Build.0 = Release|Any CPU
		{57D83852-CAAA-403B-9335-2E34CD70DE65}.Release|x64.ActiveCfg = Release|Any CPU
		{57D83852-CAAA-403B-9335-2E34CD70DE65}.Release|x64.Build.0 = Release|Any CPU
		{57D83852-CAAA-403B-9335-2E34CD70DE65}.Release|x86.ActiveCfg = Release|Any CPU
		{57D83852-CAAA-403B-9335-2E34CD70DE65}.Release|x86.Build.0 = Release|Any CPU
		{8F83584F-41ED-4DC9-932A-5D82D8DD2629}.Debug|Any CPU.ActiveCfg = Debug|Any CPU
		{8F83584F-41ED-4DC9-932A-5D82D8DD2629}.Debug|Any CPU.Build.0 = Debug|Any CPU
		{8F83584F-41ED-4DC9-932A-5D82D8DD2629}.Debug|x64.ActiveCfg = Debug|Any CPU
		{8F83584F-41ED-4DC9-932A-5D82D8DD2629}.Debug|x64.Build.0 = Debug|Any CPU
		{8F83584F-41ED-4DC9-932A-5D82D8DD2629}.Debug|x86.ActiveCfg = Debug|Any CPU
		{8F83584F-41ED-4DC9-932A-5D82D8DD2629}.Debug|x86.Build.0 = Debug|Any CPU
		{8F83584F-41ED-4DC9-932A-5D82D8DD2629}.Release|Any CPU.ActiveCfg = Release|Any CPU
		{8F83584F-41ED-4DC9-932A-5D82D8DD2629}.Release|Any CPU.Build.0 = Release|Any CPU
		{8F83584F-41ED-4DC9-932A-5D82D8DD2629}.Release|x64.ActiveCfg = Release|Any CPU
		{8F83584F-41ED-4DC9-932A-5D82D8DD2629}.Release|x64.Build.0 = Release|Any CPU
		{8F83584F-41ED-4DC9-932A-5D82D8DD2629}.Release|x86.ActiveCfg = Release|Any CPU
		{8F83584F-41ED-4DC9-932A-5D82D8DD2629}.Release|x86.Build.0 = Release|Any CPU
		{36B1EE5D-73F1-42AD-8B8A-082459E005A2}.Debug|Any CPU.ActiveCfg = Debug|Any CPU
		{36B1EE5D-73F1-42AD-8B8A-082459E005A2}.Debug|Any CPU.Build.0 = Debug|Any CPU
		{36B1EE5D-73F1-42AD-8B8A-082459E005A2}.Debug|x64.ActiveCfg = Debug|Any CPU
		{36B1EE5D-73F1-42AD-8B8A-082459E005A2}.Debug|x64.Build.0 = Debug|Any CPU
		{36B1EE5D-73F1-42AD-8B8A-082459E005A2}.Debug|x86.ActiveCfg = Debug|Any CPU
		{36B1EE5D-73F1-42AD-8B8A-082459E005A2}.Debug|x86.Build.0 = Debug|Any CPU
		{36B1EE5D-73F1-42AD-8B8A-082459E005A2}.Release|Any CPU.ActiveCfg = Release|Any CPU
		{36B1EE5D-73F1-42AD-8B8A-082459E005A2}.Release|Any CPU.Build.0 = Release|Any CPU
		{36B1EE5D-73F1-42AD-8B8A-082459E005A2}.Release|x64.ActiveCfg = Release|Any CPU
		{36B1EE5D-73F1-42AD-8B8A-082459E005A2}.Release|x64.Build.0 = Release|Any CPU
		{36B1EE5D-73F1-42AD-8B8A-082459E005A2}.Release|x86.ActiveCfg = Release|Any CPU
		{36B1EE5D-73F1-42AD-8B8A-082459E005A2}.Release|x86.Build.0 = Release|Any CPU
		{F0955755-AEFD-40DC-9D3F-45ABB95BE84E}.Debug|Any CPU.ActiveCfg = Debug|Any CPU
		{F0955755-AEFD-40DC-9D3F-45ABB95BE84E}.Debug|Any CPU.Build.0 = Debug|Any CPU
		{F0955755-AEFD-40DC-9D3F-45ABB95BE84E}.Debug|x64.ActiveCfg = Debug|Any CPU
		{F0955755-AEFD-40DC-9D3F-45ABB95BE84E}.Debug|x64.Build.0 = Debug|Any CPU
		{F0955755-AEFD-40DC-9D3F-45ABB95BE84E}.Debug|x86.ActiveCfg = Debug|Any CPU
		{F0955755-AEFD-40DC-9D3F-45ABB95BE84E}.Debug|x86.Build.0 = Debug|Any CPU
		{F0955755-AEFD-40DC-9D3F-45ABB95BE84E}.Release|Any CPU.ActiveCfg = Release|Any CPU
		{F0955755-AEFD-40DC-9D3F-45ABB95BE84E}.Release|Any CPU.Build.0 = Release|Any CPU
		{F0955755-AEFD-40DC-9D3F-45ABB95BE84E}.Release|x64.ActiveCfg = Release|Any CPU
		{F0955755-AEFD-40DC-9D3F-45ABB95BE84E}.Release|x64.Build.0 = Release|Any CPU
		{F0955755-AEFD-40DC-9D3F-45ABB95BE84E}.Release|x86.ActiveCfg = Release|Any CPU
		{F0955755-AEFD-40DC-9D3F-45ABB95BE84E}.Release|x86.Build.0 = Release|Any CPU
		{354C026E-CDD0-4992-AAB9-484A87E58E05}.Debug|Any CPU.ActiveCfg = Debug|Any CPU
		{354C026E-CDD0-4992-AAB9-484A87E58E05}.Debug|Any CPU.Build.0 = Debug|Any CPU
		{354C026E-CDD0-4992-AAB9-484A87E58E05}.Debug|x64.ActiveCfg = Debug|Any CPU
		{354C026E-CDD0-4992-AAB9-484A87E58E05}.Debug|x64.Build.0 = Debug|Any CPU
		{354C026E-CDD0-4992-AAB9-484A87E58E05}.Debug|x86.ActiveCfg = Debug|Any CPU
		{354C026E-CDD0-4992-AAB9-484A87E58E05}.Debug|x86.Build.0 = Debug|Any CPU
		{354C026E-CDD0-4992-AAB9-484A87E58E05}.Release|Any CPU.ActiveCfg = Release|Any CPU
		{354C026E-CDD0-4992-AAB9-484A87E58E05}.Release|Any CPU.Build.0 = Release|Any CPU
		{354C026E-CDD0-4992-AAB9-484A87E58E05}.Release|x64.ActiveCfg = Release|Any CPU
		{354C026E-CDD0-4992-AAB9-484A87E58E05}.Release|x64.Build.0 = Release|Any CPU
		{354C026E-CDD0-4992-AAB9-484A87E58E05}.Release|x86.ActiveCfg = Release|Any CPU
		{354C026E-CDD0-4992-AAB9-484A87E58E05}.Release|x86.Build.0 = Release|Any CPU
		{8B6A1C90-664F-4D9A-9C90-966824C52A6E}.Debug|Any CPU.ActiveCfg = Debug|Any CPU
		{8B6A1C90-664F-4D9A-9C90-966824C52A6E}.Debug|Any CPU.Build.0 = Debug|Any CPU
		{8B6A1C90-664F-4D9A-9C90-966824C52A6E}.Debug|x64.ActiveCfg = Debug|Any CPU
		{8B6A1C90-664F-4D9A-9C90-966824C52A6E}.Debug|x64.Build.0 = Debug|Any CPU
		{8B6A1C90-664F-4D9A-9C90-966824C52A6E}.Debug|x86.ActiveCfg = Debug|Any CPU
		{8B6A1C90-664F-4D9A-9C90-966824C52A6E}.Debug|x86.Build.0 = Debug|Any CPU
		{8B6A1C90-664F-4D9A-9C90-966824C52A6E}.Release|Any CPU.ActiveCfg = Release|Any CPU
		{8B6A1C90-664F-4D9A-9C90-966824C52A6E}.Release|Any CPU.Build.0 = Release|Any CPU
		{8B6A1C90-664F-4D9A-9C90-966824C52A6E}.Release|x64.ActiveCfg = Release|Any CPU
		{8B6A1C90-664F-4D9A-9C90-966824C52A6E}.Release|x64.Build.0 = Release|Any CPU
		{8B6A1C90-664F-4D9A-9C90-966824C52A6E}.Release|x86.ActiveCfg = Release|Any CPU
		{8B6A1C90-664F-4D9A-9C90-966824C52A6E}.Release|x86.Build.0 = Release|Any CPU
		{12658E4B-6D24-4B3E-9C36-82851AF5AF21}.Debug|Any CPU.ActiveCfg = Debug|Any CPU
		{12658E4B-6D24-4B3E-9C36-82851AF5AF21}.Debug|Any CPU.Build.0 = Debug|Any CPU
		{12658E4B-6D24-4B3E-9C36-82851AF5AF21}.Debug|x64.ActiveCfg = Debug|Any CPU
		{12658E4B-6D24-4B3E-9C36-82851AF5AF21}.Debug|x64.Build.0 = Debug|Any CPU
		{12658E4B-6D24-4B3E-9C36-82851AF5AF21}.Debug|x86.ActiveCfg = Debug|Any CPU
		{12658E4B-6D24-4B3E-9C36-82851AF5AF21}.Debug|x86.Build.0 = Debug|Any CPU
		{12658E4B-6D24-4B3E-9C36-82851AF5AF21}.Release|Any CPU.ActiveCfg = Release|Any CPU
		{12658E4B-6D24-4B3E-9C36-82851AF5AF21}.Release|Any CPU.Build.0 = Release|Any CPU
		{12658E4B-6D24-4B3E-9C36-82851AF5AF21}.Release|x64.ActiveCfg = Release|Any CPU
		{12658E4B-6D24-4B3E-9C36-82851AF5AF21}.Release|x64.Build.0 = Release|Any CPU
		{12658E4B-6D24-4B3E-9C36-82851AF5AF21}.Release|x86.ActiveCfg = Release|Any CPU
		{12658E4B-6D24-4B3E-9C36-82851AF5AF21}.Release|x86.Build.0 = Release|Any CPU
		{0EF3DC07-2EBD-435B-AF79-6B1E39C52710}.Debug|Any CPU.ActiveCfg = Debug|Any CPU
		{0EF3DC07-2EBD-435B-AF79-6B1E39C52710}.Debug|Any CPU.Build.0 = Debug|Any CPU
		{0EF3DC07-2EBD-435B-AF79-6B1E39C52710}.Debug|x64.ActiveCfg = Debug|Any CPU
		{0EF3DC07-2EBD-435B-AF79-6B1E39C52710}.Debug|x64.Build.0 = Debug|Any CPU
		{0EF3DC07-2EBD-435B-AF79-6B1E39C52710}.Debug|x86.ActiveCfg = Debug|Any CPU
		{0EF3DC07-2EBD-435B-AF79-6B1E39C52710}.Debug|x86.Build.0 = Debug|Any CPU
		{0EF3DC07-2EBD-435B-AF79-6B1E39C52710}.Release|Any CPU.ActiveCfg = Release|Any CPU
		{0EF3DC07-2EBD-435B-AF79-6B1E39C52710}.Release|Any CPU.Build.0 = Release|Any CPU
		{0EF3DC07-2EBD-435B-AF79-6B1E39C52710}.Release|x64.ActiveCfg = Release|Any CPU
		{0EF3DC07-2EBD-435B-AF79-6B1E39C52710}.Release|x64.Build.0 = Release|Any CPU
		{0EF3DC07-2EBD-435B-AF79-6B1E39C52710}.Release|x86.ActiveCfg = Release|Any CPU
		{0EF3DC07-2EBD-435B-AF79-6B1E39C52710}.Release|x86.Build.0 = Release|Any CPU
		{96CE413B-87BE-4972-84FE-C1C164FCBA34}.Debug|Any CPU.ActiveCfg = Debug|Any CPU
		{96CE413B-87BE-4972-84FE-C1C164FCBA34}.Debug|Any CPU.Build.0 = Debug|Any CPU
		{96CE413B-87BE-4972-84FE-C1C164FCBA34}.Debug|x64.ActiveCfg = Debug|Any CPU
		{96CE413B-87BE-4972-84FE-C1C164FCBA34}.Debug|x64.Build.0 = Debug|Any CPU
		{96CE413B-87BE-4972-84FE-C1C164FCBA34}.Debug|x86.ActiveCfg = Debug|Any CPU
		{96CE413B-87BE-4972-84FE-C1C164FCBA34}.Debug|x86.Build.0 = Debug|Any CPU
		{96CE413B-87BE-4972-84FE-C1C164FCBA34}.Release|Any CPU.ActiveCfg = Release|Any CPU
		{96CE413B-87BE-4972-84FE-C1C164FCBA34}.Release|Any CPU.Build.0 = Release|Any CPU
		{96CE413B-87BE-4972-84FE-C1C164FCBA34}.Release|x64.ActiveCfg = Release|Any CPU
		{96CE413B-87BE-4972-84FE-C1C164FCBA34}.Release|x64.Build.0 = Release|Any CPU
		{96CE413B-87BE-4972-84FE-C1C164FCBA34}.Release|x86.ActiveCfg = Release|Any CPU
		{96CE413B-87BE-4972-84FE-C1C164FCBA34}.Release|x86.Build.0 = Release|Any CPU
		{81CA906A-B89A-488D-843E-A7DB6C6458F3}.Debug|Any CPU.ActiveCfg = Debug|Any CPU
		{81CA906A-B89A-488D-843E-A7DB6C6458F3}.Debug|Any CPU.Build.0 = Debug|Any CPU
		{81CA906A-B89A-488D-843E-A7DB6C6458F3}.Debug|x64.ActiveCfg = Debug|Any CPU
		{81CA906A-B89A-488D-843E-A7DB6C6458F3}.Debug|x64.Build.0 = Debug|Any CPU
		{81CA906A-B89A-488D-843E-A7DB6C6458F3}.Debug|x86.ActiveCfg = Debug|Any CPU
		{81CA906A-B89A-488D-843E-A7DB6C6458F3}.Debug|x86.Build.0 = Debug|Any CPU
		{81CA906A-B89A-488D-843E-A7DB6C6458F3}.Release|Any CPU.ActiveCfg = Release|Any CPU
		{81CA906A-B89A-488D-843E-A7DB6C6458F3}.Release|Any CPU.Build.0 = Release|Any CPU
		{81CA906A-B89A-488D-843E-A7DB6C6458F3}.Release|x64.ActiveCfg = Release|Any CPU
		{81CA906A-B89A-488D-843E-A7DB6C6458F3}.Release|x64.Build.0 = Release|Any CPU
		{81CA906A-B89A-488D-843E-A7DB6C6458F3}.Release|x86.ActiveCfg = Release|Any CPU
		{81CA906A-B89A-488D-843E-A7DB6C6458F3}.Release|x86.Build.0 = Release|Any CPU
		{3675F903-C669-4575-9B48-A4F944547A09}.Debug|Any CPU.ActiveCfg = Debug|Any CPU
		{3675F903-C669-4575-9B48-A4F944547A09}.Debug|Any CPU.Build.0 = Debug|Any CPU
		{3675F903-C669-4575-9B48-A4F944547A09}.Debug|x64.ActiveCfg = Debug|Any CPU
		{3675F903-C669-4575-9B48-A4F944547A09}.Debug|x64.Build.0 = Debug|Any CPU
		{3675F903-C669-4575-9B48-A4F944547A09}.Debug|x86.ActiveCfg = Debug|Any CPU
		{3675F903-C669-4575-9B48-A4F944547A09}.Debug|x86.Build.0 = Debug|Any CPU
		{3675F903-C669-4575-9B48-A4F944547A09}.Release|Any CPU.ActiveCfg = Release|Any CPU
		{3675F903-C669-4575-9B48-A4F944547A09}.Release|Any CPU.Build.0 = Release|Any CPU
		{3675F903-C669-4575-9B48-A4F944547A09}.Release|x64.ActiveCfg = Release|Any CPU
		{3675F903-C669-4575-9B48-A4F944547A09}.Release|x64.Build.0 = Release|Any CPU
		{3675F903-C669-4575-9B48-A4F944547A09}.Release|x86.ActiveCfg = Release|Any CPU
		{3675F903-C669-4575-9B48-A4F944547A09}.Release|x86.Build.0 = Release|Any CPU
		{A4F24FBF-BDB2-41BD-AE63-A6DA218E3176}.Debug|Any CPU.ActiveCfg = Debug|Any CPU
		{A4F24FBF-BDB2-41BD-AE63-A6DA218E3176}.Debug|Any CPU.Build.0 = Debug|Any CPU
		{A4F24FBF-BDB2-41BD-AE63-A6DA218E3176}.Debug|x64.ActiveCfg = Debug|Any CPU
		{A4F24FBF-BDB2-41BD-AE63-A6DA218E3176}.Debug|x64.Build.0 = Debug|Any CPU
		{A4F24FBF-BDB2-41BD-AE63-A6DA218E3176}.Debug|x86.ActiveCfg = Debug|Any CPU
		{A4F24FBF-BDB2-41BD-AE63-A6DA218E3176}.Debug|x86.Build.0 = Debug|Any CPU
		{A4F24FBF-BDB2-41BD-AE63-A6DA218E3176}.Release|Any CPU.ActiveCfg = Release|Any CPU
		{A4F24FBF-BDB2-41BD-AE63-A6DA218E3176}.Release|Any CPU.Build.0 = Release|Any CPU
		{A4F24FBF-BDB2-41BD-AE63-A6DA218E3176}.Release|x64.ActiveCfg = Release|Any CPU
		{A4F24FBF-BDB2-41BD-AE63-A6DA218E3176}.Release|x64.Build.0 = Release|Any CPU
		{A4F24FBF-BDB2-41BD-AE63-A6DA218E3176}.Release|x86.ActiveCfg = Release|Any CPU
		{A4F24FBF-BDB2-41BD-AE63-A6DA218E3176}.Release|x86.Build.0 = Release|Any CPU
	EndGlobalSection
	GlobalSection(SolutionProperties) = preSolution
		HideSolutionNode = FALSE
	EndGlobalSection
	GlobalSection(NestedProjects) = preSolution
		{EFA007E3-82C4-4166-8867-38CC0CA34FA6} = {3D37C466-F3DC-40BC-9029-14B3BCC40FF3}
		{03ED0E20-9158-4826-8479-CEAB6E20939C} = {CF402B9A-1E97-42A0-9276-4F2DF37485D3}
		{57D83852-CAAA-403B-9335-2E34CD70DE65} = {CF402B9A-1E97-42A0-9276-4F2DF37485D3}
		{8F83584F-41ED-4DC9-932A-5D82D8DD2629} = {3D37C466-F3DC-40BC-9029-14B3BCC40FF3}
		{36B1EE5D-73F1-42AD-8B8A-082459E005A2} = {CF402B9A-1E97-42A0-9276-4F2DF37485D3}
		{F0955755-AEFD-40DC-9D3F-45ABB95BE84E} = {3D37C466-F3DC-40BC-9029-14B3BCC40FF3}
		{354C026E-CDD0-4992-AAB9-484A87E58E05} = {CF402B9A-1E97-42A0-9276-4F2DF37485D3}
		{8B6A1C90-664F-4D9A-9C90-966824C52A6E} = {3D37C466-F3DC-40BC-9029-14B3BCC40FF3}
		{12658E4B-6D24-4B3E-9C36-82851AF5AF21} = {3D37C466-F3DC-40BC-9029-14B3BCC40FF3}
		{0EF3DC07-2EBD-435B-AF79-6B1E39C52710} = {3D37C466-F3DC-40BC-9029-14B3BCC40FF3}
		{96CE413B-87BE-4972-84FE-C1C164FCBA34} = {CF402B9A-1E97-42A0-9276-4F2DF37485D3}
		{81CA906A-B89A-488D-843E-A7DB6C6458F3} = {CF402B9A-1E97-42A0-9276-4F2DF37485D3}
		{3675F903-C669-4575-9B48-A4F944547A09} = {3D37C466-F3DC-40BC-9029-14B3BCC40FF3}
		{A4F24FBF-BDB2-41BD-AE63-A6DA218E3176} = {CF402B9A-1E97-42A0-9276-4F2DF37485D3}
	EndGlobalSection
	GlobalSection(ExtensibilityGlobals) = postSolution
		SolutionGuid = {999057E4-EABA-4C51-A109-2F81255B3B05}
	EndGlobalSection
EndGlobal
